
Microsoft Visual Studio Solution File, Format Version 12.00
# Visual Studio Version 17
VisualStudioVersion = 17.4.33205.214
MinimumVisualStudioVersion = 10.0.40219.1
Project("{FAE04EC0-301F-11D3-BF4B-00C04F79EFBC}") = "WeaponDamage", "WeaponDamage\WeaponDamage.csproj", "{81371A3F-794B-45B5-B0E8-5E048BE5498A}"
EndProject
Global
	GlobalSection(SolutionConfigurationPlatforms) = preSolution
		Debug|Any CPU = Debug|Any CPU
		Release|Any CPU = Release|Any CPU
	EndGlobalSection
	GlobalSection(ProjectConfigurationPlatforms) = postSolution
		{81371A3F-794B-45B5-B0E8-5E048BE5498A}.Debug|Any CPU.ActiveCfg = Debug|Any CPU
		{81371A3F-794B-45B5-B0E8-5E048BE5498A}.Debug|Any CPU.Build.0 = Debug|Any CPU
		{81371A3F-794B-45B5-B0E8-5E048BE5498A}.Release|Any CPU.ActiveCfg = Release|Any CPU
		{81371A3F-794B-45B5-B0E8-5E048BE5498A}.Release|Any CPU.Build.0 = Release|Any CPU
	EndGlobalSection
	GlobalSection(SolutionProperties) = preSolution
		HideSolutionNode = FALSE
	EndGlobalSection
	GlobalSection(ExtensibilityGlobals) = postSolution
		SolutionGuid = {00EACA48-87B1-4B2E-AEC8-436663168BE5}
	EndGlobalSection
EndGlobal
